PODS:
  - Alamofire (4.0.1)
  - Realm (2.0.0):
    - Realm/Headers (= 2.0.0)
  - Realm/Headers (2.0.0)
  - RealmSwift (2.0.0):
    - Realm (= 2.0.0)

DEPENDENCIES:
  - Alamofire (~> 4.0)
  - Realm (from `https://github.com/realm/realm-cocoa.git`, branch `master`)
  - RealmSwift (from `https://github.com/realm/realm-cocoa.git`, branch `master`)

EXTERNAL SOURCES:
  Realm:
    :branch: master
    :git: https://github.com/realm/realm-cocoa.git
    :submodules: true
  RealmSwift:
    :branch: master
    :git: https://github.com/realm/realm-cocoa.git
    :submodules: true

CHECKOUT OPTIONS:
  Realm:
    :commit: dfbec5b9f3c82280bf4e4e3dda5e4ca5b7d72945
    :git: https://github.com/realm/realm-cocoa.git
    :submodules: true
  RealmSwift:
    :commit: dfbec5b9f3c82280bf4e4e3dda5e4ca5b7d72945
    :git: https://github.com/realm/realm-cocoa.git
    :submodules: true

SPEC CHECKSUMS:
  Alamofire: 7682d43245de14874acd142ec137b144aa1dd335
  Realm: 6dda421ae4b3e9a09742fc2cf4b876d459cbedcd
  RealmSwift: 7d015f34a2781a50889be9b5a15c36c08597ea0e

PODFILE CHECKSUM: 3bb0adfa08f58431edf7fe920b748590a663526c

COCOAPODS: 1.0.1
